
Microsoft Visual Studio Solution File, Format Version 12.00
# Visual Studio Version 16
VisualStudioVersion = 16.0.31112.23
MinimumVisualStudioVersion = 10.0.40219.1
Project("{9A19103F-16F7-4668-BE54-9A1E7A4F7556}") = "DataAccess", "DataAccess\DataAccess.csproj", "{5DB41392-65A4-4776-AA6D-8A132AFA3326}"
EndProject
Project("{9A19103F-16F7-4668-BE54-9A1E7A4F7556}") = "Business", "Business\Business.csproj", "{DDF57984-5790-48FD-BDEE-7E828814401B}"
EndProject
Project("{9A19103F-16F7-4668-BE54-9A1E7A4F7556}") = "Entities", "Entities\Entities.csproj", "{D8C39BB4-97BA-474E-B4A6-E9EDC0A09BCF}"
EndProject
Project("{9A19103F-16F7-4668-BE54-9A1E7A4F7556}") = "ConsoleUI", "ConsoleUI\ConsoleUI.csproj", "{FA102ACB-B8D0-47F1-B1CD-DA5021A68906}"
EndProject
Project("{9A19103F-16F7-4668-BE54-9A1E7A4F7556}") = "Core", "Core\Core.csproj", "{0A01F496-6B04-4BF8-AEB9-3B87FC6FC127}"
EndProject
Project("{FAE04EC0-301F-11D3-BF4B-00C04F79EFBC}") = "WebAPI", "WebAPI\WebAPI.csproj", "{F26AC341-411F-4D07-88DE-6EAD28BF520E}"
EndProject
Global
	GlobalSection(SolutionConfigurationPlatforms) = preSolution
		Debug|Any CPU = Debug|Any CPU
		Release|Any CPU = Release|Any CPU
	EndGlobalSection
	GlobalSection(ProjectConfigurationPlatforms) = postSolution
		{5DB41392-65A4-4776-AA6D-8A132AFA3326}.Debug|Any CPU.ActiveCfg = Debug|Any CPU
		{5DB41392-65A4-4776-AA6D-8A132AFA3326}.Debug|Any CPU.Build.0 = Debug|Any CPU
		{5DB41392-65A4-4776-AA6D-8A132AFA3326}.Release|Any CPU.ActiveCfg = Release|Any CPU
		{5DB41392-65A4-4776-AA6D-8A132AFA3326}.Release|Any CPU.Build.0 = Release|Any CPU
		{DDF57984-5790-48FD-BDEE-7E828814401B}.Debug|Any CPU.ActiveCfg = Debug|Any CPU
		{DDF57984-5790-48FD-BDEE-7E828814401B}.Debug|Any CPU.Build.0 = Debug|Any CPU
		{DDF57984-5790-48FD-BDEE-7E828814401B}.Release|Any CPU.ActiveCfg = Release|Any CPU
		{DDF57984-5790-48FD-BDEE-7E828814401B}.Release|Any CPU.Build.0 = Release|Any CPU
		{D8C39BB4-97BA-474E-B4A6-E9EDC0A09BCF}.Debug|Any CPU.ActiveCfg = Debug|Any CPU
		{D8C39BB4-97BA-474E-B4A6-E9EDC0A09BCF}.Debug|Any CPU.Build.0 = Debug|Any CPU
		{D8C39BB4-97BA-474E-B4A6-E9EDC0A09BCF}.Release|Any CPU.ActiveCfg = Release|Any CPU
		{D8C39BB4-97BA-474E-B4A6-E9EDC0A09BCF}.Release|Any CPU.Build.0 = Release|Any CPU
		{FA102ACB-B8D0-47F1-B1CD-DA5021A68906}.Debug|Any CPU.ActiveCfg = Debug|Any CPU
		{FA102ACB-B8D0-47F1-B1CD-DA5021A68906}.Debug|Any CPU.Build.0 = Debug|Any CPU
		{FA102ACB-B8D0-47F1-B1CD-DA5021A68906}.Release|Any CPU.ActiveCfg = Release|Any CPU
		{FA102ACB-B8D0-47F1-B1CD-DA5021A68906}.Release|Any CPU.Build.0 = Release|Any CPU
		{0A01F496-6B04-4BF8-AEB9-3B87FC6FC127}.Debug|Any CPU.ActiveCfg = Debug|Any CPU
		{0A01F496-6B04-4BF8-AEB9-3B87FC6FC127}.Debug|Any CPU.Build.0 = Debug|Any CPU
		{0A01F496-6B04-4BF8-AEB9-3B87FC6FC127}.Release|Any CPU.ActiveCfg = Release|Any CPU
		{0A01F496-6B04-4BF8-AEB9-3B87FC6FC127}.Release|Any CPU.Build.0 = Release|Any CPU
		{F26AC341-411F-4D07-88DE-6EAD28BF520E}.Debug|Any CPU.ActiveCfg = Debug|Any CPU
		{F26AC341-411F-4D07-88DE-6EAD28BF520E}.Debug|Any CPU.Build.0 = Debug|Any CPU
		{F26AC341-411F-4D07-88DE-6EAD28BF520E}.Release|Any CPU.ActiveCfg = Release|Any CPU
		{F26AC341-411F-4D07-88DE-6EAD28BF520E}.Release|Any CPU.Build.0 = Release|Any CPU
	EndGlobalSection
	GlobalSection(SolutionProperties) = preSolution
		HideSolutionNode = FALSE
	EndGlobalSection
	GlobalSection(ExtensibilityGlobals) = postSolution
		SolutionGuid = {F70ECA10-756F-4713-8AC5-9ED4E9CD1AF6}
	EndGlobalSection
EndGlobal
